// !$*UTF8*$!
{
	archiveVersion = 1;
	classes = {
	};
	objectVersion = 77;
	objects = {

/* Begin PBXContainerItemProxy section */
		99F5D16F2DD3218B004ED21B /* PBXContainerItemProxy */ = {
			isa = PBXContainerItemProxy;
			containerPortal = 99F5D1582DD32189004ED21B /* Project object */;
			proxyType = 1;
			remoteGlobalIDString = 99F5D15F2DD32189004ED21B;
			remoteInfo = MountSoundAnalyzer;
		};
		99F5D1792DD3218B004ED21B /* PBXContainerItemProxy */ = {
			isa = PBXContainerItemProxy;
			containerPortal = 99F5D1582DD32189004ED21B /* Project object */;
			proxyType = 1;
			remoteGlobalIDString = 99F5D15F2DD32189004ED21B;
			remoteInfo = MountSoundAnalyzer;
		};
/* End PBXContainerItemProxy section */

/* Begin PBXFileReference section */
		99F5D1602DD32189004ED21B /* MountSoundAnalyzer.app */ = {isa = PBXFileReference; explicitFileType = wrapper.application; includeInIndex = 0; path = MountSoundAnalyzer.app; sourceTree = BUILT_PRODUCTS_DIR; };
		99F5D16E2DD3218B004ED21B /* MountSoundAnalyzerTests.xctest */ = {isa = PBXFileReference; explicitFileType = wrapper.cfbundle; includeInIndex = 0; path = MountSoundAnalyzerTests.xctest; sourceTree = BUILT_PRODUCTS_DIR; };
		99F5D1782DD3218B004ED21B /* MountSoundAnalyzerUITests.xctest */ = {isa = PBXFileReference; explicitFileType = wrapper.cfbundle; includeInIndex = 0; path = MountSoundAnalyzerUITests.xctest; sourceTree = BUILT_PRODUCTS_DIR; };
/* End PBXFileReference section */

/* Begin PBXFileSystemSynchronizedBuildFileExceptionSet section */
		99C32CD72DD4AD7D00094554 /* Exceptions for "MountSoundAnalyzer" folder in "MountSoundAnalyzer" target */ = {
			isa = PBXFileSystemSynchronizedBuildFileExceptionSet;
			membershipExceptions = (
				Info.plist,
			);
			target = 99F5D15F2DD32189004ED21B /* MountSoundAnalyzer */;
		};
/* End PBXFileSystemSynchronizedBuildFileExceptionSet section */

/* Begin PBXFileSystemSynchronizedRootGroup section */
		99F5D1622DD32189004ED21B /* MountSoundAnalyzer */ = {
			isa = PBXFileSystemSynchronizedRootGroup;
			exceptions = (
				99C32CD72DD4AD7D00094554 /* Exceptions for "MountSoundAnalyzer" folder in "MountSoundAnalyzer" target */,
			);
			path = MountSoundAnalyzer;
			sourceTree = "<group>";
		};
		99F5D1712DD3218B004ED21B /* MountSoundAnalyzerTests */ = {
			isa = PBXFileSystemSynchronizedRootGroup;
			path = MountSoundAnalyzerTests;
			sourceTree = "<group>";
		};
		99F5D17B2DD3218B004ED21B /* MountSoundAnalyzerUITests */ = {
			isa = PBXFileSystemSynchronizedRootGroup;
			path = MountSoundAnalyzerUITests;
			sourceTree = "<group>";
		};
/* End PBXFileSystemSynchronizedRootGroup section */

/* Begin PBXFrameworksBuildPhase section */
		99F5D15D2DD32189004ED21B /* Frameworks */ = {
			isa = PBXFrameworksBuildPhase;
			buildActionMask = 2147483647;
			files = (
			);
			runOnlyForDeploymentPostprocessing = 0;
		};
		99F5D16B2DD3218B004ED21B /* Frameworks */ = {
			isa = PBXFrameworksBuildPhase;
			buildActionMask = 2147483647;
			files = (
			);
			runOnlyForDeploymentPostprocessing = 0;
		};
		99F5D1752DD3218B004ED21B /* Frameworks */ = {
			isa = PBXFrameworksBuildPhase;
			buildActionMask = 2147483647;
			files = (
			);
			runOnlyForDeploymentPostprocessing = 0;
		};
/* End PBXFrameworksBuildPhase section */

/* Begin PBXGroup section */
		99F5D1572DD32189004ED21B = {
			isa = PBXGroup;
			children = (
				99F5D1622DD32189004ED21B /* MountSoundAnalyzer */,
				99F5D1712DD3218B004ED21B /* MountSoundAnalyzerTests */,
				99F5D17B2DD3218B004ED21B /* MountSoundAnalyzerUITests */,
				99F5D1612DD32189004ED21B /* Products */,
			);
			sourceTree = "<group>";
		};
		99F5D1612DD32189004ED21B /* Products */ = {
			isa = PBXGroup;
			children = (
				99F5D1602DD32189004ED21B /* MountSoundAnalyzer.app */,
				99F5D16E2DD3218B004ED21B /* MountSoundAnalyzerTests.xctest */,
				99F5D1782DD3218B004ED21B /* MountSoundAnalyzerUITests.xctest */,
			);
			name = Products;
			sourceTree = "<group>";
		};
/* End PBXGroup section */

/* Begin PBXNativeTarget section */
		99F5D15F2DD32189004ED21B /* MountSoundAnalyzer */ = {
			isa = PBXNativeTarget;
			buildConfigurationList = 99F5D1822DD3218B004ED21B /* Build configuration list for PBXNativeTarget "MountSoundAnalyzer" */;
			buildPhases = (
				99F5D15C2DD32189004ED21B /* Sources */,
				99F5D15D2DD32189004ED21B /* Frameworks */,
				99F5D15E2DD32189004ED21B /* Resources */,
			);
			buildRules = (
			);
			dependencies = (
			);
			fileSystemSynchronizedGroups = (
				99F5D1622DD32189004ED21B /* MountSoundAnalyzer */,
			);
			name = MountSoundAnalyzer;
			packageProductDependencies = (
			);
			productName = MountSoundAnalyzer;
			productReference = 99F5D1602DD32189004ED21B /* MountSoundAnalyzer.app */;
			productType = "com.apple.product-type.application";
		};
		99F5D16D2DD3218B004ED21B /* MountSoundAnalyzerTests */ = {
			isa = PBXNativeTarget;
			buildConfigurationList = 99F5D1852DD3218B004ED21B /* Build configuration list for PBXNativeTarget "MountSoundAnalyzerTests" */;
			buildPhases = (
				99F5D16A2DD3218B004ED21B /* Sources */,
				99F5D16B2DD3218B004ED21B /* Frameworks */,
				99F5D16C2DD3218B004ED21B /* Resources */,
			);
			buildRules = (
			);
			dependencies = (
				99F5D1702DD3218B004ED21B /* PBXTargetDependency */,
			);
			fileSystemSynchronizedGroups = (
				99F5D1712DD3218B004ED21B /* MountSoundAnalyzerTests */,
			);
			name = MountSoundAnalyzerTests;
			packageProductDependencies = (
			);
			productName = MountSoundAnalyzerTests;
			productReference = 99F5D16E2DD3218B004ED21B /* MountSoundAnalyzerTests.xctest */;
			productType = "com.apple.product-type.bundle.unit-test";
		};
		99F5D1772DD3218B004ED21B /* MountSoundAnalyzerUITests */ = {
			isa = PBXNativeTarget;
			buildConfigurationList = 99F5D1882DD3218B004ED21B /* Build configuration list for PBXNativeTarget "MountSoundAnalyzerUITests" */;
			buildPhases = (
				99F5D1742DD3218B004ED21B /* Sources */,
				99F5D1752DD3218B004ED21B /* Frameworks */,
				99F5D1762DD3218B004ED21B /* Resources */,
			);
			buildRules = (
			);
			dependencies = (
				99F5D17A2DD3218B004ED21B /* PBXTargetDependency */,
			);
			fileSystemSynchronizedGroups = (
				99F5D17B2DD3218B004ED21B /* MountSoundAnalyzerUITests */,
			);
			name = MountSoundAnalyzerUITests;
			packageProductDependencies = (
			);
			productName = MountSoundAnalyzerUITests;
			productReference = 99F5D1782DD3218B004ED21B /* MountSoundAnalyzerUITests.xctest */;
			productType = "com.apple.product-type.bundle.ui-testing";
		};
/* End PBXNativeTarget section */

/* Begin PBXProject section */
		99F5D1582DD32189004ED21B /* Project object */ = {
			isa = PBXProject;
			attributes = {
				BuildIndependentTargetsInParallel = 1;
				LastSwiftUpdateCheck = 1630;
				LastUpgradeCheck = 1630;
				TargetAttributes = {
					99F5D15F2DD32189004ED21B = {
						CreatedOnToolsVersion = 16.3;
					};
					99F5D16D2DD3218B004ED21B = {
						CreatedOnToolsVersion = 16.3;
						TestTargetID = 99F5D15F2DD32189004ED21B;
					};
					99F5D1772DD3218B004ED21B = {
						CreatedOnToolsVersion = 16.3;
						TestTargetID = 99F5D15F2DD32189004ED21B;
					};
				};
			};
			buildConfigurationList = 99F5D15B2DD32189004ED21B /* Build configuration list for PBXProject "MountSoundAnalyzer" */;
			developmentRegion = en;
			hasScannedForEncodings = 0;
			knownRegions = (
				en,
				Base,
			);
			mainGroup = 99F5D1572DD32189004ED21B;
			minimizedProjectReferenceProxies = 1;
			preferredProjectObjectVersion = 77;
			productRefGroup = 99F5D1612DD32189004ED21B /* Products */;
			projectDirPath = "";
			projectRoot = "";
			targets = (
				99F5D15F2DD32189004ED21B /* MountSoundAnalyzer */,
				99F5D16D2DD3218B004ED21B /* MountSoundAnalyzerTests */,
				99F5D1772DD3218B004ED21B /* MountSoundAnalyzerUITests */,
			);
		};
/* End PBXProject section */

/* Begin PBXResourcesBuildPhase section */
		99F5D15E2DD32189004ED21B /* Resources */ = {
			isa = PBXResourcesBuildPhase;
			buildActionMask = 2147483647;
			files = (
			);
			runOnlyForDeploymentPostprocessing = 0;
		};
		99F5D16C2DD3218B004ED21B /* Resources */ = {
			isa = PBXResourcesBuildPhase;
			buildActionMask = 2147483647;
			files = (
			);
			runOnlyForDeploymentPostprocessing = 0;
		};
		99F5D1762DD3218B004ED21B /* Resources */ = {
			isa = PBXResourcesBuildPhase;
			buildActionMask = 2147483647;
			files = (
			);
			runOnlyForDeploymentPostprocessing = 0;
		};
/* End PBXResourcesBuildPhase section */

/* Begin PBXSourcesBuildPhase section */
		99F5D15C2DD32189004ED21B /* Sources */ = {
			isa = PBXSourcesBuildPhase;
			buildActionMask = 2147483647;
			files = (
			);
			runOnlyForDeploymentPostprocessing = 0;
		};
		99F5D16A2DD3218B004ED21B /* Sources */ = {
			isa = PBXSourcesBuildPhase;
			buildActionMask = 2147483647;
			files = (
			);
			runOnlyForDeploymentPostprocessing = 0;
		};
		99F5D1742DD3218B004ED21B /* Sources */ = {
			isa = PBXSourcesBuildPhase;
			buildActionMask = 2147483647;
			files = (
			);
			runOnlyForDeploymentPostprocessing = 0;
		};
/* End PBXSourcesBuildPhase section */

/* Begin PBXTargetDependency section */
		99F5D1702DD3218B004ED21B /* PBXTargetDependency */ = {
			isa = PBXTargetDependency;
			target = 99F5D15F2DD32189004ED21B /* MountSoundAnalyzer */;
			targetProxy = 99F5D16F2DD3218B004ED21B /* PBXContainerItemProxy */;
		};
		99F5D17A2DD3218B004ED21B /* PBXTargetDependency */ = {
			isa = PBXTargetDependency;
			target = 99F5D15F2DD32189004ED21B /* MountSoundAnalyzer */;
			targetProxy = 99F5D1792DD3218B004ED21B /* PBXContainerItemProxy */;
		};
/* End PBXTargetDependency section */

/* Begin XCBuildConfiguration section */
		99F5D1802DD3218B004ED21B /* Debug */ = {
			isa = XCBuildConfiguration;
			buildSettings = {
				ALWAYS_SEARCH_USER_PATHS = NO;
				ASSETCATALOG_COMPILER_GENERATE_SWIFT_ASSET_SYMBOL_EXTENSIONS = YES;
				CLANG_ANALYZER_NONNULL = YES;
				CLANG_ANALYZER_NUMBER_OBJECT_CONVERSION = YES_AGGRESSIVE;
				CLANG_CXX_LANGUAGE_STANDARD = "gnu++20";
				CLANG_ENABLE_MODULES = YES;
				CLANG_ENABLE_OBJC_ARC = YES;
				CLANG_ENABLE_OBJC_WEAK = YES;
				CLANG_WARN_BLOCK_CAPTURE_AUTORELEASING = YES;
				CLANG_WARN_BOOL_CONVERSION = YES;
				CLANG_WARN_COMMA = YES;
				CLANG_WARN_CONSTANT_CONVERSION = YES;
				CLANG_WARN_DEPRECATED_OBJC_IMPLEMENTATIONS = YES;
				CLANG_WARN_DIRECT_OBJC_ISA_USAGE = YES_ERROR;
				CLANG_WARN_DOCUMENTATION_COMMENTS = YES;
				CLANG_WARN_EMPTY_BODY = YES;
				CLANG_WARN_ENUM_CONVERSION = YES;
				CLANG_WARN_INFINITE_RECURSION = YES;
				CLANG_WARN_INT_CONVERSION = YES;
				CLANG_WARN_NON_LITERAL_NULL_CONVERSION = YES;
				CLANG_WARN_OBJC_IMPLICIT_RETAIN_SELF = YES;
				CLANG_WARN_OBJC_LITERAL_CONVERSION = YES;
				CLANG_WARN_OBJC_ROOT_CLASS = YES_ERROR;
				CLANG_WARN_QUOTED_INCLUDE_IN_FRAMEWORK_HEADER = YES;
				CLANG_WARN_RANGE_LOOP_ANALYSIS = YES;
				CLANG_WARN_STRICT_PROTOTYPES = YES;
				CLANG_WARN_SUSPICIOUS_MOVE = YES;
				CLANG_WARN_UNGUARDED_AVAILABILITY = YES_AGGRESSIVE;
				CLANG_WARN_UNREACHABLE_CODE = YES;
				CLANG_WARN__DUPLICATE_METHOD_MATCH = YES;
				COPY_PHASE_STRIP = NO;
				DEBUG_INFORMATION_FORMAT = dwarf;
				ENABLE_STRICT_OBJC_MSGSEND = YES;
				ENABLE_TESTABILITY = YES;
				ENABLE_USER_SCRIPT_SANDBOXING = YES;
				GCC_C_LANGUAGE_STANDARD = gnu17;
				GCC_DYNAMIC_NO_PIC = NO;
				GCC_NO_COMMON_BLOCKS = YES;
				GCC_OPTIMIZATION_LEVEL = 0;
				GCC_PREPROCESSOR_DEFINITIONS = (
					"DEBUG=1",
					"$(inherited)",
				);
				GCC_WARN_64_TO_32_BIT_CONVERSION = YES;
				GCC_WARN_ABOUT_RETURN_TYPE = YES_ERROR;
				GCC_WARN_UNDECLARED_SELECTOR = YES;
				GCC_WARN_UNINITIALIZED_AUTOS = YES_AGGRESSIVE;
				GCC_WARN_UNUSED_FUNCTION = YES;
				GCC_WARN_UNUSED_VARIABLE = YES;
				LOCALIZATION_PREFERS_STRING_CATALOGS = YES;
				MACOSX_DEPLOYMENT_TARGET = 15.3;
				MTL_ENABLE_DEBUG_INFO = INCLUDE_SOURCE;
				MTL_FAST_MATH = YES;
				ONLY_ACTIVE_ARCH = YES;
				SDKROOT = macosx;
				SWIFT_ACTIVE_COMPILATION_CONDITIONS = "DEBUG $(inherited)";
				SWIFT_OPTIMIZATION_LEVEL = "-Onone";
			};
			name = Debug;
		};
		99F5D1812DD3218B004ED21B /* Release */ = {
			isa = XCBuildConfiguration;
			buildSettings = {
				ALWAYS_SEARCH_USER_PATHS = NO;
				ASSETCATALOG_COMPILER_GENERATE_SWIFT_ASSET_SYMBOL_EXTENSIONS = YES;
				CLANG_ANALYZER_NONNULL = YES;
				CLANG_ANALYZER_NUMBER_OBJECT_CONVERSION = YES_AGGRESSIVE;
				CLANG_CXX_LANGUAGE_STANDARD = "gnu++20";
				CLANG_ENABLE_MODULES = YES;
				CLANG_ENABLE_OBJC_ARC = YES;
				CLANG_ENABLE_OBJC_WEAK = YES;
				CLANG_WARN_BLOCK_CAPTURE_AUTORELEASING = YES;
				CLANG_WARN_BOOL_CONVERSION = YES;
				CLANG_WARN_COMMA = YES;
				CLANG_WARN_CONSTANT_CONVERSION = YES;
				CLANG_WARN_DEPRECATED_OBJC_IMPLEMENTATIONS = YES;
				CLANG_WARN_DIRECT_OBJC_ISA_USAGE = YES_ERROR;
				CLANG_WARN_DOCUMENTATION_COMMENTS = YES;
				CLANG_WARN_EMPTY_BODY = YES;
				CLANG_WARN_ENUM_CONVERSION = YES;
				CLANG_WARN_INFINITE_RECURSION = YES;
				CLANG_WARN_INT_CONVERSION = YES;
				CLANG_WARN_NON_LITERAL_NULL_CONVERSION = YES;
				CLANG_WARN_OBJC_IMPLICIT_RETAIN_SELF = YES;
				CLANG_WARN_OBJC_LITERAL_CONVERSION = YES;
				CLANG_WARN_OBJC_ROOT_CLASS = YES_ERROR;
				CLANG_WARN_QUOTED_INCLUDE_IN_FRAMEWORK_HEADER = YES;
				CLANG_WARN_RANGE_LOOP_ANALYSIS = YES;
				CLANG_WARN_STRICT_PROTOTYPES = YES;
				CLANG_WARN_SUSPICIOUS_MOVE = YES;
				CLANG_WARN_UNGUARDED_AVAILABILITY = YES_AGGRESSIVE;
				CLANG_WARN_UNREACHABLE_CODE = YES;
				CLANG_WARN__DUPLICATE_METHOD_MATCH = YES;
				COPY_PHASE_STRIP = NO;
				DEBUG_INFORMATION_FORMAT = "dwarf-with-dsym";
				ENABLE_NS_ASSERTIONS = NO;
				ENABLE_STRICT_OBJC_MSGSEND = YES;
				ENABLE_USER_SCRIPT_SANDBOXING = YES;
				GCC_C_LANGUAGE_STANDARD = gnu17;
				GCC_NO_COMMON_BLOCKS = YES;
				GCC_WARN_64_TO_32_BIT_CONVERSION = YES;
				GCC_WARN_ABOUT_RETURN_TYPE = YES_ERROR;
				GCC_WARN_UNDECLARED_SELECTOR = YES;
				GCC_WARN_UNINITIALIZED_AUTOS = YES_AGGRESSIVE;
				GCC_WARN_UNUSED_FUNCTION = YES;
				GCC_WARN_UNUSED_VARIABLE = YES;
				LOCALIZATION_PREFERS_STRING_CATALOGS = YES;
				MACOSX_DEPLOYMENT_TARGET = 15.3;
				MTL_ENABLE_DEBUG_INFO = NO;
				MTL_FAST_MATH = YES;
				SDKROOT = macosx;
				SWIFT_COMPILATION_MODE = wholemodule;
			};
			name = Release;
		};
		99F5D1832DD3218B004ED21B /* Debug */ = {
			isa = XCBuildConfiguration;
			buildSettings = {
				ASSETCATALOG_COMPILER_APPICON_NAME = AppIcon;
				ASSETCATALOG_COMPILER_GLOBAL_ACCENT_COLOR_NAME = AccentColor;
				CODE_SIGN_ENTITLEMENTS = MountSoundAnalyzer/MountSoundAnalyzer.entitlements;
				CODE_SIGN_STYLE = Automatic;
				COMBINE_HIDPI_IMAGES = YES;
				CURRENT_PROJECT_VERSION = 1;
				ENABLE_PREVIEWS = YES;
				GENERATE_INFOPLIST_FILE = YES;
				INFOPLIST_FILE = MountSoundAnalyzer/Info.plist;
				INFOPLIST_KEY_LSUIElement = YES;
				INFOPLIST_KEY_NSHumanReadableCopyright = "";
				LD_RUNPATH_SEARCH_PATHS = (
					"$(inherited)",
					"@executable_path/../Frameworks",
				);
				MARKETING_VERSION = 1.0;
				PRODUCT_BUNDLE_IDENTIFIER = mountain.MountSoundAnalyzer;
				PRODUCT_NAME = "$(TARGET_NAME)";
				REGISTER_APP_GROUPS = YES;
				SWIFT_EMIT_LOC_STRINGS = YES;
				SWIFT_VERSION = 5.0;
			};
			name = Debug;
		};
		99F5D1842DD3218B004ED21B /* Release */ = {
			isa = XCBuildConfiguration;
			buildSettings = {
				ASSETCATALOG_COMPILER_APPICON_NAME = AppIcon;
				ASSETCATALOG_COMPILER_GLOBAL_ACCENT_COLOR_NAME = AccentColor;
				CODE_SIGN_ENTITLEMENTS = MountSoundAnalyzer/MountSoundAnalyzer.entitlements;
				CODE_SIGN_STYLE = Automatic;
				COMBINE_HIDPI_IMAGES = YES;
				CURRENT_PROJECT_VERSION = 1;
				ENABLE_PREVIEWS = YES;
				GENERATE_INFOPLIST_FILE = YES;
				INFOPLIST_FILE = MountSoundAnalyzer/Info.plist;
				INFOPLIST_KEY_LSUIElement = YES;
				INFOPLIST_KEY_NSHumanReadableCopyright = "";
				LD_RUNPATH_SEARCH_PATHS = (
					"$(inherited)",
					"@executable_path/../Frameworks",
				);
				MARKETING_VERSION = 1.0;
				PRODUCT_BUNDLE_IDENTIFIER = mountain.MountSoundAnalyzer;
				PRODUCT_NAME = "$(TARGET_NAME)";
				REGISTER_APP_GROUPS = YES;
				SWIFT_EMIT_LOC_STRINGS = YES;
				SWIFT_VERSION = 5.0;
			};
			name = Release;
		};
		99F5D1862DD3218B004ED21B /* Debug */ = {
			isa = XCBuildConfiguration;
			buildSettings = {
				BUNDLE_LOADER = "$(TEST_HOST)";
				CODE_SIGN_STYLE = Automatic;
				CURRENT_PROJECT_VERSION = 1;
				GENERATE_INFOPLIST_FILE = YES;
				MACOSX_DEPLOYMENT_TARGET = 15.3;
				MARKETING_VERSION = 1.0;
				PRODUCT_BUNDLE_IDENTIFIER = mountain.MountSoundAnalyzerTests;
				PRODUCT_NAME = "$(TARGET_NAME)";
				SWIFT_EMIT_LOC_STRINGS = NO;
				SWIFT_VERSION = 5.0;
				TEST_HOST = "$(BUILT_PRODUCTS_DIR)/MountSoundAnalyzer.app/$(BUNDLE_EXECUTABLE_FOLDER_PATH)/MountSoundAnalyzer";
			};
			name = Debug;
		};
		99F5D1872DD3218B004ED21B /* Release */ = {
			isa = XCBuildConfiguration;
			buildSettings = {
				BUNDLE_LOADER = "$(TEST_HOST)";
				CODE_SIGN_STYLE = Automatic;
				CURRENT_PROJECT_VERSION = 1;
				GENERATE_INFOPLIST_FILE = YES;
				MACOSX_DEPLOYMENT_TARGET = 15.3;
				MARKETING_VERSION = 1.0;
				PRODUCT_BUNDLE_IDENTIFIER = mountain.MountSoundAnalyzerTests;
				PRODUCT_NAME = "$(TARGET_NAME)";
				SWIFT_EMIT_LOC_STRINGS = NO;
				SWIFT_VERSION = 5.0;
				TEST_HOST = "$(BUILT_PRODUCTS_DIR)/MountSoundAnalyzer.app/$(BUNDLE_EXECUTABLE_FOLDER_PATH)/MountSoundAnalyzer";
			};
			name = Release;
		};
		99F5D1892DD3218B004ED21B /* Debug */ = {
			isa = XCBuildConfiguration;
			buildSettings = {
				CODE_SIGN_STYLE = Automatic;
				CURRENT_PROJECT_VERSION = 1;
				GENERATE_INFOPLIST_FILE = YES;
				MARKETING_VERSION = 1.0;
				PRODUCT_BUNDLE_IDENTIFIER = mountain.MountSoundAnalyzerUITests;
				PRODUCT_NAME = "$(TARGET_NAME)";
				SWIFT_EMIT_LOC_STRINGS = NO;
				SWIFT_VERSION = 5.0;
				TEST_TARGET_NAME = MountSoundAnalyzer;
			};
			name = Debug;
		};
		99F5D18A2DD3218B004ED21B /* Release */ = {
			isa = XCBuildConfiguration;
			buildSettings = {
				CODE_SIGN_STYLE = Automatic;
				CURRENT_PROJECT_VERSION = 1;
				GENERATE_INFOPLIST_FILE = YES;
				MARKETING_VERSION = 1.0;
				PRODUCT_BUNDLE_IDENTIFIER = mountain.MountSoundAnalyzerUITests;
				PRODUCT_NAME = "$(TARGET_NAME)";
				SWIFT_EMIT_LOC_STRINGS = NO;
				SWIFT_VERSION = 5.0;
				TEST_TARGET_NAME = MountSoundAnalyzer;
			};
			name = Release;
		};
/* End XCBuildConfiguration section */

/* Begin XCConfigurationList section */
		99F5D15B2DD32189004ED21B /* Build configuration list for PBXProject "MountSoundAnalyzer" */ = {
			isa = XCConfigurationList;
			buildConfigurations = (
				99F5D1802DD3218B004ED21B /* Debug */,
				99F5D1812DD3218B004ED21B /* Release */,
			);
			defaultConfigurationIsVisible = 0;
			defaultConfigurationName = Release;
		};
		99F5D1822DD3218B004ED21B /* Build configuration list for PBXNativeTarget "MountSoundAnalyzer" */ = {
			isa = XCConfigurationList;
			buildConfigurations = (
				99F5D1832DD3218B004ED21B /* Debug */,
				99F5D1842DD3218B004ED21B /* Release */,
			);
			defaultConfigurationIsVisible = 0;
			defaultConfigurationName = Release;
		};
		99F5D1852DD3218B004ED21B /* Build configuration list for PBXNativeTarget "MountSoundAnalyzerTests" */ = {
			isa = XCConfigurationList;
			buildConfigurations = (
				99F5D1862DD3218B004ED21B /* Debug */,
				99F5D1872DD3218B004ED21B /* Release */,
			);
			defaultConfigurationIsVisible = 0;
			defaultConfigurationName = Release;
		};
		99F5D1882DD3218B004ED21B /* Build configuration list for PBXNativeTarget "MountSoundAnalyzerUITests" */ = {
			isa = XCConfigurationList;
			buildConfigurations = (
				99F5D1892DD3218B004ED21B /* Debug */,
				99F5D18A2DD3218B004ED21B /* Release */,
			);
			defaultConfigurationIsVisible = 0;
			defaultConfigurationName = Release;
		};
/* End XCConfigurationList section */
	};
	rootObject = 99F5D1582DD32189004ED21B /* Project object */;
}
